
Microsoft Visual Studio Solution File, Format Version 12.00
# Visual Studio Version 17
VisualStudioVersion = 17.9.34622.214
MinimumVisualStudioVersion = 10.0.40219.1
Project("{FAE04EC0-301F-11D3-BF4B-00C04F79EFBC}") = "CPU_Scheduling", "FCFS\CPU_Scheduling.csproj", "{7316C06B-545E-43FD-A5F7-B9520BF06ACA}"
EndProject
Global
	GlobalSection(SolutionConfigurationPlatforms) = preSolution
		Debug|Any CPU = Debug|Any CPU
		Release|Any CPU = Release|Any CPU
	EndGlobalSection
	GlobalSection(ProjectConfigurationPlatforms) = postSolution
		{7316C06B-545E-43FD-A5F7-B9520BF06ACA}.Debug|Any CPU.ActiveCfg = Debug|Any CPU
		{7316C06B-545E-43FD-A5F7-B9520BF06ACA}.Debug|Any CPU.Build.0 = Debug|Any CPU
		{7316C06B-545E-43FD-A5F7-B9520BF06ACA}.Release|Any CPU.ActiveCfg = Release|Any CPU
		{7316C06B-545E-43FD-A5F7-B9520BF06ACA}.Release|Any CPU.Build.0 = Release|Any CPU
	EndGlobalSection
	GlobalSection(SolutionProperties) = preSolution
		HideSolutionNode = FALSE
	EndGlobalSection
	GlobalSection(ExtensibilityGlobals) = postSolution
		SolutionGuid = {C4546D20-BE5E-468A-A448-DD4A333E874D}
	EndGlobalSection
EndGlobal
